
Microsoft Visual Studio Solution File, Format Version 12.00
# Visual Studio 14
VisualStudioVersion = 14.0.25420.1
MinimumVisualStudioVersion = 10.0.40219.1
Project("{FAE04EC0-301F-11D3-BF4B-00C04F79EFBC}") = "SaferMutex", "SaferMutex\SaferMutex.csproj", "{A99D41EB-1B84-40C1-BDA2-9E79C74B72EC}"
EndProject
Project("{FAE04EC0-301F-11D3-BF4B-00C04F79EFBC}") = "SaferMutex.Tests", "SaferMutex.Tests\SaferMutex.Tests.csproj", "{EBEDB0D6-4588-42BF-ACC7-0C803482419B}"
EndProject
Global
	GlobalSection(SolutionConfigurationPlatforms) = preSolution
		Debug|Any CPU = Debug|Any CPU
		Release|Any CPU = Release|Any CPU
	EndGlobalSection
	GlobalSection(ProjectConfigurationPlatforms) = postSolution
		{A99D41EB-1B84-40C1-BDA2-9E79C74B72EC}.Debug|Any CPU.ActiveCfg = Debug|Any CPU
		{A99D41EB-1B84-40C1-BDA2-9E79C74B72EC}.Debug|Any CPU.Build.0 = Debug|Any CPU
		{A99D41EB-1B84-40C1-BDA2-9E79C74B72EC}.Release|Any CPU.ActiveCfg = Release|Any CPU
		{A99D41EB-1B84-40C1-BDA2-9E79C74B72EC}.Release|Any CPU.Build.0 = Release|Any CPU
		{EBEDB0D6-4588-42BF-ACC7-0C803482419B}.Debug|Any CPU.ActiveCfg = Debug|Any CPU
		{EBEDB0D6-4588-42BF-ACC7-0C803482419B}.Debug|Any CPU.Build.0 = Debug|Any CPU
		{EBEDB0D6-4588-42BF-ACC7-0C803482419B}.Release|Any CPU.ActiveCfg = Release|Any CPU
		{EBEDB0D6-4588-42BF-ACC7-0C803482419B}.Release|Any CPU.Build.0 = Release|Any CPU
	EndGlobalSection
	GlobalSection(SolutionProperties) = preSolution
		HideSolutionNode = FALSE
	EndGlobalSection
EndGlobal
